// !$*UTF8*$!
{
	archiveVersion = 1;
	classes = {
	};
	objectVersion = 50;
	objects = {

/* Begin PBXBuildFile section */
		6C19B54B21AEAF2C00AD06A3 /* AppDelegate.swift in Sources */ = {isa = PBXBuildFile; fileRef = 6C19B54A21AEAF2C00AD06A3 /* AppDelegate.swift */; };
		6C19B55021AEAF2C00AD06A3 /* Main.storyboard in Resources */ = {isa = PBXBuildFile; fileRef = 6C19B54E21AEAF2C00AD06A3 /* Main.storyboard */; };
		6C19B55221AEAF2D00AD06A3 /* Assets.xcassets in Resources */ = {isa = PBXBuildFile; fileRef = 6C19B55121AEAF2D00AD06A3 /* Assets.xcassets */; };
		6C19B55521AEAF2D00AD06A3 /* LaunchScreen.storyboard in Resources */ = {isa = PBXBuildFile; fileRef = 6C19B55321AEAF2D00AD06A3 /* LaunchScreen.storyboard */; };
		6C19B56021AEAF2D00AD06A3 /* InlineAlertTests.swift in Sources */ = {isa = PBXBuildFile; fileRef = 6C19B55F21AEAF2D00AD06A3 /* InlineAlertTests.swift */; };
		6C396EDB21AFFACB006D1AF7 /* InlineAlertUIStylingTest.swift in Sources */ = {isa = PBXBuildFile; fileRef = 6C396EDA21AFFACB006D1AF7 /* InlineAlertUIStylingTest.swift */; };
		6C6ED79D21B534AB00BEBDC6 /* VFAlertExtension.swift in Sources */ = {isa = PBXBuildFile; fileRef = 6C6ED79421B534AB00BEBDC6 /* VFAlertExtension.swift */; };
		6C6ED79F21B534AB00BEBDC6 /* VFServiceCategoriesTableController.swift in Sources */ = {isa = PBXBuildFile; fileRef = 6C6ED79621B534AB00BEBDC6 /* VFServiceCategoriesTableController.swift */; };
		6C6ED7A021B534AB00BEBDC6 /* InlineAlert.swift in Sources */ = {isa = PBXBuildFile; fileRef = 6C6ED79721B534AB00BEBDC6 /* InlineAlert.swift */; };
		6C6ED7A121B534AB00BEBDC6 /* VFServiceCategory.swift in Sources */ = {isa = PBXBuildFile; fileRef = 6C6ED79821B534AB00BEBDC6 /* VFServiceCategory.swift */; };
		6C6ED7A221B534AB00BEBDC6 /* VFServiceCategoryViewController.swift in Sources */ = {isa = PBXBuildFile; fileRef = 6C6ED79921B534AB00BEBDC6 /* VFServiceCategoryViewController.swift */; };
		6C6ED7A721B540DC00BEBDC6 /* UIAlertPager.swift in Sources */ = {isa = PBXBuildFile; fileRef = 6C6ED7A621B540DC00BEBDC6 /* UIAlertPager.swift */; };
		6C6ED7A921B5420B00BEBDC6 /* AlertPageViewController.swift in Sources */ = {isa = PBXBuildFile; fileRef = 6C6ED7A821B5420B00BEBDC6 /* AlertPageViewController.swift */; };
/* End PBXBuildFile section */

/* Begin PBXContainerItemProxy section */
		6C19B55C21AEAF2D00AD06A3 /* PBXContainerItemProxy */ = {
			isa = PBXContainerItemProxy;
			containerPortal = 6C19B53F21AEAF2C00AD06A3 /* Project object */;
			proxyType = 1;
			remoteGlobalIDString = 6C19B54621AEAF2C00AD06A3;
			remoteInfo = InlineAlertExample;
		};
/* End PBXContainerItemProxy section */

/* Begin PBXFileReference section */
		6C19B54721AEAF2C00AD06A3 /* InlineAlertExample.app */ = {isa = PBXFileReference; explicitFileType = wrapper.application; includeInIndex = 0; path = InlineAlertExample.app; sourceTree = BUILT_PRODUCTS_DIR; };
		6C19B54A21AEAF2C00AD06A3 /* AppDelegate.swift */ = {isa = PBXFileReference; lastKnownFileType = sourcecode.swift; path = AppDelegate.swift; sourceTree = "<group>"; };
		6C19B54F21AEAF2C00AD06A3 /* Base */ = {isa = PBXFileReference; lastKnownFileType = file.storyboard; name = Base; path = Base.lproj/Main.storyboard; sourceTree = "<group>"; };
		6C19B55121AEAF2D00AD06A3 /* Assets.xcassets */ = {isa = PBXFileReference; lastKnownFileType = folder.assetcatalog; path = Assets.xcassets; sourceTree = "<group>"; };
		6C19B55421AEAF2D00AD06A3 /* Base */ = {isa = PBXFileReference; lastKnownFileType = file.storyboard; name = Base; path = Base.lproj/LaunchScreen.storyboard; sourceTree = "<group>"; };
		6C19B55621AEAF2D00AD06A3 /* Info.plist */ = {isa = PBXFileReference; lastKnownFileType = text.plist.xml; path = Info.plist; sourceTree = "<group>"; };
		6C19B55B21AEAF2D00AD06A3 /* InlineAlertExampleTests.xctest */ = {isa = PBXFileReference; explicitFileType = wrapper.cfbundle; includeInIndex = 0; path = InlineAlertExampleTests.xctest; sourceTree = BUILT_PRODUCTS_DIR; };
		6C19B55F21AEAF2D00AD06A3 /* InlineAlertTests.swift */ = {isa = PBXFileReference; lastKnownFileType = sourcecode.swift; path = InlineAlertTests.swift; sourceTree = "<group>"; };
		6C19B56121AEAF2D00AD06A3 /* Info.plist */ = {isa = PBXFileReference; lastKnownFileType = text.plist.xml; path = Info.plist; sourceTree = "<group>"; };
		6C396EDA21AFFACB006D1AF7 /* InlineAlertUIStylingTest.swift */ = {isa = PBXFileReference; lastKnownFileType = sourcecode.swift; path = InlineAlertUIStylingTest.swift; sourceTree = "<group>"; };
		6C6ED79421B534AB00BEBDC6 /* VFAlertExtension.swift */ = {isa = PBXFileReference; fileEncoding = 4; lastKnownFileType = sourcecode.swift; path = VFAlertExtension.swift; sourceTree = "<group>"; };
		6C6ED79621B534AB00BEBDC6 /* VFServiceCategoriesTableController.swift */ = {isa = PBXFileReference; fileEncoding = 4; lastKnownFileType = sourcecode.swift; path = VFServiceCategoriesTableController.swift; sourceTree = "<group>"; };
		6C6ED79721B534AB00BEBDC6 /* InlineAlert.swift */ = {isa = PBXFileReference; fileEncoding = 4; lastKnownFileType = sourcecode.swift; path = InlineAlert.swift; sourceTree = "<group>"; };
		6C6ED79821B534AB00BEBDC6 /* VFServiceCategory.swift */ = {isa = PBXFileReference; fileEncoding = 4; lastKnownFileType = sourcecode.swift; path = VFServiceCategory.swift; sourceTree = "<group>"; };
		6C6ED79921B534AB00BEBDC6 /* VFServiceCategoryViewController.swift */ = {isa = PBXFileReference; fileEncoding = 4; lastKnownFileType = sourcecode.swift; path = VFServiceCategoryViewController.swift; sourceTree = "<group>"; };
		6C6ED7A621B540DC00BEBDC6 /* UIAlertPager.swift */ = {isa = PBXFileReference; lastKnownFileType = sourcecode.swift; path = UIAlertPager.swift; sourceTree = "<group>"; };
		6C6ED7A821B5420B00BEBDC6 /* AlertPageViewController.swift */ = {isa = PBXFileReference; lastKnownFileType = sourcecode.swift; path = AlertPageViewController.swift; sourceTree = "<group>"; };
/* End PBXFileReference section */

/* Begin PBXFrameworksBuildPhase section */
		6C19B54421AEAF2C00AD06A3 /* Frameworks */ = {
			isa = PBXFrameworksBuildPhase;
			buildActionMask = 2147483647;
			files = (
			);
			runOnlyForDeploymentPostprocessing = 0;
		};
		6C19B55821AEAF2D00AD06A3 /* Frameworks */ = {
			isa = PBXFrameworksBuildPhase;
			buildActionMask = 2147483647;
			files = (
			);
			runOnlyForDeploymentPostprocessing = 0;
		};
/* End PBXFrameworksBuildPhase section */

/* Begin PBXGroup section */
		6C19B53E21AEAF2C00AD06A3 = {
			isa = PBXGroup;
			children = (
				6C19B54921AEAF2C00AD06A3 /* InlineAlertExample */,
				6C19B55E21AEAF2D00AD06A3 /* InlineAlertExampleTests */,
				6C19B54821AEAF2C00AD06A3 /* Products */,
			);
			sourceTree = "<group>";
		};
		6C19B54821AEAF2C00AD06A3 /* Products */ = {
			isa = PBXGroup;
			children = (
				6C19B54721AEAF2C00AD06A3 /* InlineAlertExample.app */,
				6C19B55B21AEAF2D00AD06A3 /* InlineAlertExampleTests.xctest */,
			);
			name = Products;
			sourceTree = "<group>";
		};
		6C19B54921AEAF2C00AD06A3 /* InlineAlertExample */ = {
			isa = PBXGroup;
			children = (
				6C6ED79221B5345D00BEBDC6 /* component */,
				6C19B54A21AEAF2C00AD06A3 /* AppDelegate.swift */,
				6C19B54E21AEAF2C00AD06A3 /* Main.storyboard */,
				6C19B55121AEAF2D00AD06A3 /* Assets.xcassets */,
				6C19B55321AEAF2D00AD06A3 /* LaunchScreen.storyboard */,
				6C19B55621AEAF2D00AD06A3 /* Info.plist */,
			);
			path = InlineAlertExample;
			sourceTree = "<group>";
		};
		6C19B55E21AEAF2D00AD06A3 /* InlineAlertExampleTests */ = {
			isa = PBXGroup;
			children = (
				6C19B55F21AEAF2D00AD06A3 /* InlineAlertTests.swift */,
				6C19B56121AEAF2D00AD06A3 /* Info.plist */,
				6C396EDA21AFFACB006D1AF7 /* InlineAlertUIStylingTest.swift */,
			);
			path = InlineAlertExampleTests;
			sourceTree = "<group>";
		};
		6C6ED79221B5345D00BEBDC6 /* component */ = {
			isa = PBXGroup;
			children = (
				6C6ED79321B5348200BEBDC6 /* view */,
			);
			path = component;
			sourceTree = "<group>";
		};
		6C6ED79321B5348200BEBDC6 /* view */ = {
			isa = PBXGroup;
			children = (
				6C6ED7A621B540DC00BEBDC6 /* UIAlertPager.swift */,
				6C6ED7A821B5420B00BEBDC6 /* AlertPageViewController.swift */,
				6C6ED79921B534AB00BEBDC6 /* VFServiceCategoryViewController.swift */,
				6C6ED79421B534AB00BEBDC6 /* VFAlertExtension.swift */,
				6C6ED79721B534AB00BEBDC6 /* InlineAlert.swift */,
				6C6ED79621B534AB00BEBDC6 /* VFServiceCategoriesTableController.swift */,
				6C6ED79821B534AB00BEBDC6 /* VFServiceCategory.swift */,
			);
			path = view;
			sourceTree = "<group>";
		};
/* End PBXGroup section */

/* Begin PBXNativeTarget section */
		6C19B54621AEAF2C00AD06A3 /* InlineAlertExample */ = {
			isa = PBXNativeTarget;
			buildConfigurationList = 6C19B56421AEAF2D00AD06A3 /* Build configuration list for PBXNativeTarget "InlineAlertExample" */;
			buildPhases = (
				6C19B54321AEAF2C00AD06A3 /* Sources */,
				6C19B54421AEAF2C00AD06A3 /* Frameworks */,
				6C19B54521AEAF2C00AD06A3 /* Resources */,
			);
			buildRules = (
			);
			dependencies = (
			);
			name = InlineAlertExample;
			productName = InlineAlertExample;
			productReference = 6C19B54721AEAF2C00AD06A3 /* InlineAlertExample.app */;
			productType = "com.apple.product-type.application";
		};
		6C19B55A21AEAF2D00AD06A3 /* InlineAlertExampleTests */ = {
			isa = PBXNativeTarget;
			buildConfigurationList = 6C19B56721AEAF2D00AD06A3 /* Build configuration list for PBXNativeTarget "InlineAlertExampleTests" */;
			buildPhases = (
				6C19B55721AEAF2D00AD06A3 /* Sources */,
				6C19B55821AEAF2D00AD06A3 /* Frameworks */,
				6C19B55921AEAF2D00AD06A3 /* Resources */,
			);
			buildRules = (
			);
			dependencies = (
				6C19B55D21AEAF2D00AD06A3 /* PBXTargetDependency */,
			);
			name = InlineAlertExampleTests;
			productName = InlineAlertExampleTests;
			productReference = 6C19B55B21AEAF2D00AD06A3 /* InlineAlertExampleTests.xctest */;
			productType = "com.apple.product-type.bundle.unit-test";
		};
/* End PBXNativeTarget section */

/* Begin PBXProject section */
		6C19B53F21AEAF2C00AD06A3 /* Project object */ = {
			isa = PBXProject;
			attributes = {
				LastSwiftUpdateCheck = 1000;
				LastUpgradeCheck = 1000;
				ORGANIZATIONNAME = abuzeid;
				TargetAttributes = {
					6C19B54621AEAF2C00AD06A3 = {
						CreatedOnToolsVersion = 10.0;
					};
					6C19B55A21AEAF2D00AD06A3 = {
						CreatedOnToolsVersion = 10.0;
						TestTargetID = 6C19B54621AEAF2C00AD06A3;
					};
				};
			};
			buildConfigurationList = 6C19B54221AEAF2C00AD06A3 /* Build configuration list for PBXProject "InlineAlertExample" */;
			compatibilityVersion = "Xcode 9.3";
			developmentRegion = en;
			hasScannedForEncodings = 0;
			knownRegions = (
				en,
				Base,
			);
			mainGroup = 6C19B53E21AEAF2C00AD06A3;
			productRefGroup = 6C19B54821AEAF2C00AD06A3 /* Products */;
			projectDirPath = "";
			projectRoot = "";
			targets = (
				6C19B54621AEAF2C00AD06A3 /* InlineAlertExample */,
				6C19B55A21AEAF2D00AD06A3 /* InlineAlertExampleTests */,
			);
		};
/* End PBXProject section */

/* Begin PBXResourcesBuildPhase section */
		6C19B54521AEAF2C00AD06A3 /* Resources */ = {
			isa = PBXResourcesBuildPhase;
			buildActionMask = 2147483647;
			files = (
				6C19B55521AEAF2D00AD06A3 /* LaunchScreen.storyboard in Resources */,
				6C19B55221AEAF2D00AD06A3 /* Assets.xcassets in Resources */,
				6C19B55021AEAF2C00AD06A3 /* Main.storyboard in Resources */,
			);
			runOnlyForDeploymentPostprocessing = 0;
		};
		6C19B55921AEAF2D00AD06A3 /* Resources */ = {
			isa = PBXResourcesBuildPhase;
			buildActionMask = 2147483647;
			files = (
			);
			runOnlyForDeploymentPostprocessing = 0;
		};
/* End PBXResourcesBuildPhase section */

/* Begin PBXSourcesBuildPhase section */
		6C19B54321AEAF2C00AD06A3 /* Sources */ = {
			isa = PBXSourcesBuildPhase;
			buildActionMask = 2147483647;
			files = (
				6C6ED79F21B534AB00BEBDC6 /* VFServiceCategoriesTableController.swift in Sources */,
				6C6ED7A121B534AB00BEBDC6 /* VFServiceCategory.swift in Sources */,
				6C6ED7A721B540DC00BEBDC6 /* UIAlertPager.swift in Sources */,
				6C6ED7A221B534AB00BEBDC6 /* VFServiceCategoryViewController.swift in Sources */,
				6C6ED79D21B534AB00BEBDC6 /* VFAlertExtension.swift in Sources */,
				6C6ED7A021B534AB00BEBDC6 /* InlineAlert.swift in Sources */,
				6C19B54B21AEAF2C00AD06A3 /* AppDelegate.swift in Sources */,
				6C6ED7A921B5420B00BEBDC6 /* AlertPageViewController.swift in Sources */,
			);
			runOnlyForDeploymentPostprocessing = 0;
		};
		6C19B55721AEAF2D00AD06A3 /* Sources */ = {
			isa = PBXSourcesBuildPhase;
			buildActionMask = 2147483647;
			files = (
				6C396EDB21AFFACB006D1AF7 /* InlineAlertUIStylingTest.swift in Sources */,
				6C19B56021AEAF2D00AD06A3 /* InlineAlertTests.swift in Sources */,
			);
			runOnlyForDeploymentPostprocessing = 0;
		};
/* End PBXSourcesBuildPhase section */

/* Begin PBXTargetDependency section */
		6C19B55D21AEAF2D00AD06A3 /* PBXTargetDependency */ = {
			isa = PBXTargetDependency;
			target = 6C19B54621AEAF2C00AD06A3 /* InlineAlertExample */;
			targetProxy = 6C19B55C21AEAF2D00AD06A3 /* PBXContainerItemProxy */;
		};
/* End PBXTargetDependency section */

/* Begin PBXVariantGroup section */
		6C19B54E21AEAF2C00AD06A3 /* Main.storyboard */ = {
			isa = PBXVariantGroup;
			children = (
				6C19B54F21AEAF2C00AD06A3 /* Base */,
			);
			name = Main.storyboard;
			sourceTree = "<group>";
		};
		6C19B55321AEAF2D00AD06A3 /* LaunchScreen.storyboard */ = {
			isa = PBXVariantGroup;
			children = (
				6C19B55421AEAF2D00AD06A3 /* Base */,
			);
			name = LaunchScreen.storyboard;
			sourceTree = "<group>";
		};
/* End PBXVariantGroup section */

/* Begin XCBuildConfiguration section */
		6C19B56221AEAF2D00AD06A3 /* Debug */ = {
			isa = XCBuildConfiguration;
			buildSettings = {
				ALWAYS_SEARCH_USER_PATHS = NO;
				CLANG_ANALYZER_NONNULL = YES;
				CLANG_ANALYZER_NUMBER_OBJECT_CONVERSION = YES_AGGRESSIVE;
				CLANG_CXX_LANGUAGE_STANDARD = "gnu++14";
				CLANG_CXX_LIBRARY = "libc++";
				CLANG_ENABLE_MODULES = YES;
				CLANG_ENABLE_OBJC_ARC = YES;
				CLANG_ENABLE_OBJC_WEAK = YES;
				CLANG_WARN_BLOCK_CAPTURE_AUTORELEASING = YES;
				CLANG_WARN_BOOL_CONVERSION = YES;
				CLANG_WARN_COMMA = YES;
				CLANG_WARN_CONSTANT_CONVERSION = YES;
				CLANG_WARN_DEPRECATED_OBJC_IMPLEMENTATIONS = YES;
				CLANG_WARN_DIRECT_OBJC_ISA_USAGE = YES_ERROR;
				CLANG_WARN_DOCUMENTATION_COMMENTS = YES;
				CLANG_WARN_EMPTY_BODY = YES;
				CLANG_WARN_ENUM_CONVERSION = YES;
				CLANG_WARN_INFINITE_RECURSION = YES;
				CLANG_WARN_INT_CONVERSION = YES;
				CLANG_WARN_NON_LITERAL_NULL_CONVERSION = YES;
				CLANG_WARN_OBJC_IMPLICIT_RETAIN_SELF = YES;
				CLANG_WARN_OBJC_LITERAL_CONVERSION = YES;
				CLANG_WARN_OBJC_ROOT_CLASS = YES_ERROR;
				CLANG_WARN_RANGE_LOOP_ANALYSIS = YES;
				CLANG_WARN_STRICT_PROTOTYPES = YES;
				CLANG_WARN_SUSPICIOUS_MOVE = YES;
				CLANG_WARN_UNGUARDED_AVAILABILITY = YES_AGGRESSIVE;
				CLANG_WARN_UNREACHABLE_CODE = YES;
				CLANG_WARN__DUPLICATE_METHOD_MATCH = YES;
				CODE_SIGN_IDENTITY = "iPhone Developer";
				COPY_PHASE_STRIP = NO;
				DEBUG_INFORMATION_FORMAT = dwarf;
				ENABLE_STRICT_OBJC_MSGSEND = YES;
				ENABLE_TESTABILITY = YES;
				GCC_C_LANGUAGE_STANDARD = gnu11;
				GCC_DYNAMIC_NO_PIC = NO;
				GCC_NO_COMMON_BLOCKS = YES;
				GCC_OPTIMIZATION_LEVEL = 0;
				GCC_PREPROCESSOR_DEFINITIONS = (
					"DEBUG=1",
					"$(inherited)",
				);
				GCC_WARN_64_TO_32_BIT_CONVERSION = YES;
				GCC_WARN_ABOUT_RETURN_TYPE = YES_ERROR;
				GCC_WARN_UNDECLARED_SELECTOR = YES;
				GCC_WARN_UNINITIALIZED_AUTOS = YES_AGGRESSIVE;
				GCC_WARN_UNUSED_FUNCTION = YES;
				GCC_WARN_UNUSED_VARIABLE = YES;
				IPHONEOS_DEPLOYMENT_TARGET = 11.4;
				MTL_ENABLE_DEBUG_INFO = INCLUDE_SOURCE;
				MTL_FAST_MATH = YES;
				ONLY_ACTIVE_ARCH = YES;
				SDKROOT = iphoneos;
				SWIFT_ACTIVE_COMPILATION_CONDITIONS = DEBUG;
				SWIFT_OPTIMIZATION_LEVEL = "-Onone";
				SWIFT_VERSION = 4.0;
			};
			name = Debug;
		};
		6C19B56321AEAF2D00AD06A3 /* Release */ = {
			isa = XCBuildConfiguration;
			buildSettings = {
				ALWAYS_SEARCH_USER_PATHS = NO;
				CLANG_ANALYZER_NONNULL = YES;
				CLANG_ANALYZER_NUMBER_OBJECT_CONVERSION = YES_AGGRESSIVE;
				CLANG_CXX_LANGUAGE_STANDARD = "gnu++14";
				CLANG_CXX_LIBRARY = "libc++";
				CLANG_ENABLE_MODULES = YES;
				CLANG_ENABLE_OBJC_ARC = YES;
				CLANG_ENABLE_OBJC_WEAK = YES;
				CLANG_WARN_BLOCK_CAPTURE_AUTORELEASING = YES;
				CLANG_WARN_BOOL_CONVERSION = YES;
				CLANG_WARN_COMMA = YES;
				CLANG_WARN_CONSTANT_CONVERSION = YES;
				CLANG_WARN_DEPRECATED_OBJC_IMPLEMENTATIONS = YES;
				CLANG_WARN_DIRECT_OBJC_ISA_USAGE = YES_ERROR;
				CLANG_WARN_DOCUMENTATION_COMMENTS = YES;
				CLANG_WARN_EMPTY_BODY = YES;
				CLANG_WARN_ENUM_CONVERSION = YES;
				CLANG_WARN_INFINITE_RECURSION = YES;
				CLANG_WARN_INT_CONVERSION = YES;
				CLANG_WARN_NON_LITERAL_NULL_CONVERSION = YES;
				CLANG_WARN_OBJC_IMPLICIT_RETAIN_SELF = YES;
				CLANG_WARN_OBJC_LITERAL_CONVERSION = YES;
				CLANG_WARN_OBJC_ROOT_CLASS = YES_ERROR;
				CLANG_WARN_RANGE_LOOP_ANALYSIS = YES;
				CLANG_WARN_STRICT_PROTOTYPES = YES;
				CLANG_WARN_SUSPICIOUS_MOVE = YES;
				CLANG_WARN_UNGUARDED_AVAILABILITY = YES_AGGRESSIVE;
				CLANG_WARN_UNREACHABLE_CODE = YES;
				CLANG_WARN__DUPLICATE_METHOD_MATCH = YES;
				CODE_SIGN_IDENTITY = "iPhone Developer";
				COPY_PHASE_STRIP = NO;
				DEBUG_INFORMATION_FORMAT = "dwarf-with-dsym";
				ENABLE_NS_ASSERTIONS = NO;
				ENABLE_STRICT_OBJC_MSGSEND = YES;
				GCC_C_LANGUAGE_STANDARD = gnu11;
				GCC_NO_COMMON_BLOCKS = YES;
				GCC_WARN_64_TO_32_BIT_CONVERSION = YES;
				GCC_WARN_ABOUT_RETURN_TYPE = YES_ERROR;
				GCC_WARN_UNDECLARED_SELECTOR = YES;
				GCC_WARN_UNINITIALIZED_AUTOS = YES_AGGRESSIVE;
				GCC_WARN_UNUSED_FUNCTION = YES;
				GCC_WARN_UNUSED_VARIABLE = YES;
				IPHONEOS_DEPLOYMENT_TARGET = 11.4;
				MTL_ENABLE_DEBUG_INFO = NO;
				MTL_FAST_MATH = YES;
				SDKROOT = iphoneos;
				SWIFT_COMPILATION_MODE = wholemodule;
				SWIFT_OPTIMIZATION_LEVEL = "-O";
				SWIFT_VERSION = 4.0;
				VALIDATE_PRODUCT = YES;
			};
			name = Release;
		};
		6C19B56521AEAF2D00AD06A3 /* Debug */ = {
			isa = XCBuildConfiguration;
			buildSettings = {
				ASSETCATALOG_COMPILER_APPICON_NAME = AppIcon;
				CODE_SIGN_STYLE = Automatic;
				DEVELOPMENT_TEAM = 475YN7ANSF;
				INFOPLIST_FILE = InlineAlertExample/Info.plist;
				IPHONEOS_DEPLOYMENT_TARGET = 11.0;
				LD_RUNPATH_SEARCH_PATHS = (
					"$(inherited)",
					"@executable_path/Frameworks",
				);
				PRODUCT_BUNDLE_IDENTIFIER = abuzeid.InlineAlertExample;
				PRODUCT_NAME = "$(TARGET_NAME)";
				SWIFT_VERSION = 4.0;
				TARGETED_DEVICE_FAMILY = "1,2";
			};
			name = Debug;
		};
		6C19B56621AEAF2D00AD06A3 /* Release */ = {
			isa = XCBuildConfiguration;
			buildSettings = {
				ASSETCATALOG_COMPILER_APPICON_NAME = AppIcon;
				CODE_SIGN_STYLE = Automatic;
				DEVELOPMENT_TEAM = 475YN7ANSF;
				INFOPLIST_FILE = InlineAlertExample/Info.plist;
				IPHONEOS_DEPLOYMENT_TARGET = 11.0;
				LD_RUNPATH_SEARCH_PATHS = (
					"$(inherited)",
					"@executable_path/Frameworks",
				);
				PRODUCT_BUNDLE_IDENTIFIER = abuzeid.InlineAlertExample;
				PRODUCT_NAME = "$(TARGET_NAME)";
				SWIFT_VERSION = 4.0;
				TARGETED_DEVICE_FAMILY = "1,2";
			};
			name = Release;
		};
		6C19B56821AEAF2D00AD06A3 /* Debug */ = {
			isa = XCBuildConfiguration;
			buildSettings = {
				ALWAYS_EMBED_SWIFT_STANDARD_LIBRARIES = YES;
				BUNDLE_LOADER = "$(TEST_HOST)";
				CODE_SIGN_STYLE = Automatic;
				INFOPLIST_FILE = InlineAlertExampleTests/Info.plist;
				LD_RUNPATH_SEARCH_PATHS = (
					"$(inherited)",
					"@executable_path/Frameworks",
					"@loader_path/Frameworks",
				);
				PRODUCT_BUNDLE_IDENTIFIER = abuzeid.InlineAlertExampleTests;
				PRODUCT_NAME = "$(TARGET_NAME)";
				SWIFT_VERSION = 4.2;
				TARGETED_DEVICE_FAMILY = "1,2";
				TEST_HOST = "$(BUILT_PRODUCTS_DIR)/InlineAlertExample.app/InlineAlertExample";
			};
			name = Debug;
		};
		6C19B56921AEAF2D00AD06A3 /* Release */ = {
			isa = XCBuildConfiguration;
			buildSettings = {
				ALWAYS_EMBED_SWIFT_STANDARD_LIBRARIES = YES;
				BUNDLE_LOADER = "$(TEST_HOST)";
				CODE_SIGN_STYLE = Automatic;
				INFOPLIST_FILE = InlineAlertExampleTests/Info.plist;
				LD_RUNPATH_SEARCH_PATHS = (
					"$(inherited)",
					"@executable_path/Frameworks",
					"@loader_path/Frameworks",
				);
				PRODUCT_BUNDLE_IDENTIFIER = abuzeid.InlineAlertExampleTests;
				PRODUCT_NAME = "$(TARGET_NAME)";
				SWIFT_VERSION = 4.2;
				TARGETED_DEVICE_FAMILY = "1,2";
				TEST_HOST = "$(BUILT_PRODUCTS_DIR)/InlineAlertExample.app/InlineAlertExample";
			};
			name = Release;
		};
/* End XCBuildConfiguration section */

/* Begin XCConfigurationList section */
		6C19B54221AEAF2C00AD06A3 /* Build configuration list for PBXProject "InlineAlertExample" */ = {
			isa = XCConfigurationList;
			buildConfigurations = (
				6C19B56221AEAF2D00AD06A3 /* Debug */,
				6C19B56321AEAF2D00AD06A3 /* Release */,
			);
			defaultConfigurationIsVisible = 0;
			defaultConfigurationName = Debug;
		};
		6C19B56421AEAF2D00AD06A3 /* Build configuration list for PBXNativeTarget "InlineAlertExample" */ = {
			isa = XCConfigurationList;
			buildConfigurations = (
				6C19B56521AEAF2D00AD06A3 /* Debug */,
				6C19B56621AEAF2D00AD06A3 /* Release */,
			);
			defaultConfigurationIsVisible = 0;
			defaultConfigurationName = Debug;
		};
		6C19B56721AEAF2D00AD06A3 /* Build configuration list for PBXNativeTarget "InlineAlertExampleTests" */ = {
			isa = XCConfigurationList;
			buildConfigurations = (
				6C19B56821AEAF2D00AD06A3 /* Debug */,
				6C19B56921AEAF2D00AD06A3 /* Release */,
			);
			defaultConfigurationIsVisible = 0;
			defaultConfigurationName = Debug;
		};
/* End XCConfigurationList section */
	};
	rootObject = 6C19B53F21AEAF2C00AD06A3 /* Project object */;
}
